<?xml version="1.0" encoding="utf-8"?>
<Project ToolsVersion="Current" xmlns="http://schemas.microsoft.com/developer/msbuild/2003">
  <ItemGroup>
    <Filter Include="Header Files">
      <UniqueIdentifier>{a376a79a-1e2e-4f98-8ae7-e6df4034ff31}</UniqueIdentifier>
    </Filter>
    <Filter Include="Source Files">
      <UniqueIdentifier>{6de1002d-dd9a-4325-ba28-c6317b38e540}</UniqueIdentifier>
    </Filter>
    <Filter Include="Generated Files">
      <UniqueIdentifier>{71ED8ED8-ACB9-4CE9-BBE1-E00B30144E11}</UniqueIdentifier>
      <Extensions>moc;h;cpp</Extensions>
      <ParseFiles>true</ParseFiles>
    </Filter>
    <Filter Include="Resource Files">
      <UniqueIdentifier>{D9D6E242-F8AF-46E4-B9FD-80ECBC20BA3E}</UniqueIdentifier>
      <Extensions>qrc;*</Extensions>
      <ParseFiles>false</ParseFiles>
    </Filter>
    <Filter Include="Resources">
      <UniqueIdentifier>{eae9af60-8c67-43ac-9f1b-0837282c1843}</UniqueIdentifier>
    </Filter>
    <Filter Include="Translation files">
      <UniqueIdentifier>{9c1269a0-3cce-4ed1-ad02-e6e5a8fefc99}</UniqueIdentifier>
    </Filter>
  </ItemGroup>
  <ItemGroup>
    <ClInclude Include="..\src\AdvancedDockingSystem\ads_globals.h">
      <Filter>Header Files</Filter>
    </ClInclude>
    <ClInclude Include="..\src\AdvancedDockingSystem\DockComponentsFactory.h">
      <Filter>Header Files</Filter>
    </ClInclude>
    <ClInclude Include="..\src\AdvancedDockingSystem\DockingStateReader.h">
      <Filter>Header Files</Filter>
    </ClInclude>
    <ClInclude Include="..\src\AdvancedDockingSystem\IconProvider.h">
      <Filter>Header Files</Filter>
    </ClInclude>
    <ClInclude Include="resource.h">
      <Filter>Generated Files</Filter>
    </ClInclude>
  </ItemGroup>
  <ItemGroup>
    <CustomBuild Include="..\src\AdvancedDockingSystem\DockAreaTabBar.h">
      <Filter>Header Files</Filter>
    </CustomBuild>
    <CustomBuild Include="..\src\AdvancedDockingSystem\DockAreaTitleBar.h">
      <Filter>Header Files</Filter>
    </CustomBuild>
    <CustomBuild Include="..\src\AdvancedDockingSystem\DockAreaTitleBar_p.h">
      <Filter>Header Files</Filter>
    </CustomBuild>
    <CustomBuild Include="..\src\AdvancedDockingSystem\DockAreaWidget.h">
      <Filter>Header Files</Filter>
    </CustomBuild>
    <CustomBuild Include="..\src\AdvancedDockingSystem\DockContainerWidget.h">
      <Filter>Header Files</Filter>
    </CustomBuild>
    <CustomBuild Include="..\src\AdvancedDockingSystem\DockFocusController.h">
      <Filter>Header Files</Filter>
    </CustomBuild>
    <CustomBuild Include="..\src\AdvancedDockingSystem\DockManager.h">
      <Filter>Header Files</Filter>
    </CustomBuild>
    <CustomBuild Include="..\src\AdvancedDockingSystem\DockOverlay.h">
      <Filter>Header Files</Filter>
    </CustomBuild>
    <CustomBuild Include="..\src\AdvancedDockingSystem\DockSplitter.h">
      <Filter>Header Files</Filter>
    </CustomBuild>
    <CustomBuild Include="..\src\AdvancedDockingSystem\DockWidget.h">
      <Filter>Header Files</Filter>
    </CustomBuild>
    <CustomBuild Include="..\src\AdvancedDockingSystem\DockWidgetTab.h">
      <Filter>Header Files</Filter>
    </CustomBuild>
    <CustomBuild Include="..\src\AdvancedDockingSystem\ElidingLabel.h">
      <Filter>Header Files</Filter>
    </CustomBuild>
    <CustomBuild Include="..\src\AdvancedDockingSystem\FloatingDockContainer.h">
      <Filter>Header Files</Filter>
    </CustomBuild>
    <CustomBuild Include="..\src\AdvancedDockingSystem\FloatingDragPreview.h">
      <Filter>Header Files</Filter>
    </CustomBuild>
    <CustomBuild Include="..\src\AutoHideDockWidget\AutoHideDockWidget.h">
      <Filter>Header Files</Filter>
    </CustomBuild>
    <CustomBuild Include="..\src\AutoHideDockWidget\AutoHideDockWidgetTitle.h">
      <Filter>Header Files</Filter>
    </CustomBuild>
    <CustomBuild Include="..\src\AutoHideDockWidget\DockWidgetTabBar.h">
      <Filter>Header Files</Filter>
    </CustomBuild>
    <CustomBuild Include="..\src\AutoHideDockWidget\DockWidgetTabButton.h">
      <Filter>Header Files</Filter>
    </CustomBuild>
    <CustomBuild Include="..\src\AutoHideDockWidget\MainWindowWithAutoHideDocks.h">
      <Filter>Header Files</Filter>
    </CustomBuild>
    <CustomBuild Include="..\Resources\res_libQtADS.qrc">
      <Filter>Resources</Filter>
    </CustomBuild>
  </ItemGroup>
  <ItemGroup>
    <ClCompile Include="GeneratedFiles\Debug\moc_DockAreaTabBar.cpp">
      <Filter>Generated Files</Filter>
    </ClCompile>
    <ClCompile Include="GeneratedFiles\Release\moc_DockAreaTabBar.cpp">
      <Filter>Generated Files</Filter>
    </ClCompile>
    <ClCompile Include="GeneratedFiles\Debug\moc_DockAreaTitleBar.cpp">
      <Filter>Generated Files</Filter>
    </ClCompile>
    <ClCompile Include="GeneratedFiles\Release\moc_DockAreaTitleBar.cpp">
      <Filter>Generated Files</Filter>
    </ClCompile>
    <ClCompile Include="GeneratedFiles\Debug\moc_DockAreaTitleBar_p.cpp">
      <Filter>Generated Files</Filter>
    </ClCompile>
    <ClCompile Include="GeneratedFiles\Release\moc_DockAreaTitleBar_p.cpp">
      <Filter>Generated Files</Filter>
    </ClCompile>
    <ClCompile Include="GeneratedFiles\Debug\moc_DockAreaWidget.cpp">
      <Filter>Generated Files</Filter>
    </ClCompile>
    <ClCompile Include="GeneratedFiles\Release\moc_DockAreaWidget.cpp">
      <Filter>Generated Files</Filter>
    </ClCompile>
    <ClCompile Include="GeneratedFiles\Debug\moc_DockContainerWidget.cpp">
      <Filter>Generated Files</Filter>
    </ClCompile>
    <ClCompile Include="GeneratedFiles\Release\moc_DockContainerWidget.cpp">
      <Filter>Generated Files</Filter>
    </ClCompile>
    <ClCompile Include="GeneratedFiles\Debug\moc_DockFocusController.cpp">
      <Filter>Generated Files</Filter>
    </ClCompile>
    <ClCompile Include="GeneratedFiles\Release\moc_DockFocusController.cpp">
      <Filter>Generated Files</Filter>
    </ClCompile>
    <ClCompile Include="GeneratedFiles\Debug\moc_DockManager.cpp">
      <Filter>Generated Files</Filter>
    </ClCompile>
    <ClCompile Include="GeneratedFiles\Release\moc_DockManager.cpp">
      <Filter>Generated Files</Filter>
    </ClCompile>
    <ClCompile Include="GeneratedFiles\Debug\moc_DockOverlay.cpp">
      <Filter>Generated Files</Filter>
    </ClCompile>
    <ClCompile Include="GeneratedFiles\Release\moc_DockOverlay.cpp">
      <Filter>Generated Files</Filter>
    </ClCompile>
    <ClCompile Include="GeneratedFiles\Debug\moc_DockSplitter.cpp">
      <Filter>Generated Files</Filter>
    </ClCompile>
    <ClCompile Include="GeneratedFiles\Release\moc_DockSplitter.cpp">
      <Filter>Generated Files</Filter>
    </ClCompile>
    <ClCompile Include="GeneratedFiles\Debug\moc_DockWidget.cpp">
      <Filter>Generated Files</Filter>
    </ClCompile>
    <ClCompile Include="GeneratedFiles\Release\moc_DockWidget.cpp">
      <Filter>Generated Files</Filter>
    </ClCompile>
    <ClCompile Include="GeneratedFiles\Debug\moc_DockWidgetTab.cpp">
      <Filter>Generated Files</Filter>
    </ClCompile>
    <ClCompile Include="GeneratedFiles\Release\moc_DockWidgetTab.cpp">
      <Filter>Generated Files</Filter>
    </ClCompile>
    <ClCompile Include="GeneratedFiles\Debug\moc_ElidingLabel.cpp">
      <Filter>Generated Files</Filter>
    </ClCompile>
    <ClCompile Include="GeneratedFiles\Release\moc_ElidingLabel.cpp">
      <Filter>Generated Files</Filter>
    </ClCompile>
    <ClCompile Include="GeneratedFiles\Debug\moc_FloatingDockContainer.cpp">
      <Filter>Generated Files</Filter>
    </ClCompile>
    <ClCompile Include="GeneratedFiles\Release\moc_FloatingDockContainer.cpp">
      <Filter>Generated Files</Filter>
    </ClCompile>
    <ClCompile Include="GeneratedFiles\Debug\moc_FloatingDragPreview.cpp">
      <Filter>Generated Files</Filter>
    </ClCompile>
    <ClCompile Include="GeneratedFiles\Release\moc_FloatingDragPreview.cpp">
      <Filter>Generated Files</Filter>
    </ClCompile>
    <ClCompile Include="..\src\AdvancedDockingSystem\ads_globals.cpp">
      <Filter>Source Files</Filter>
    </ClCompile>
    <ClCompile Include="..\src\AdvancedDockingSystem\DockAreaTabBar.cpp">
      <Filter>Source Files</Filter>
    </ClCompile>
    <ClCompile Include="..\src\AdvancedDockingSystem\DockAreaTitleBar.cpp">
      <Filter>Source Files</Filter>
    </ClCompile>
    <ClCompile Include="..\src\AdvancedDockingSystem\DockAreaWidget.cpp">
      <Filter>Source Files</Filter>
    </ClCompile>
    <ClCompile Include="..\src\AdvancedDockingSystem\DockComponentsFactory.cpp">
      <Filter>Source Files</Filter>
    </ClCompile>
    <ClCompile Include="..\src\AdvancedDockingSystem\DockContainerWidget.cpp">
      <Filter>Source Files</Filter>
    </ClCompile>
    <ClCompile Include="..\src\AdvancedDockingSystem\DockFocusController.cpp">
      <Filter>Source Files</Filter>
    </ClCompile>
    <ClCompile Include="..\src\AdvancedDockingSystem\DockingStateReader.cpp">
      <Filter>Source Files</Filter>
    </ClCompile>
    <ClCompile Include="..\src\AdvancedDockingSystem\DockManager.cpp">
      <Filter>Source Files</Filter>
    </ClCompile>
    <ClCompile Include="..\src\AdvancedDockingSystem\DockOverlay.cpp">
      <Filter>Source Files</Filter>
    </ClCompile>
    <ClCompile Include="..\src\AdvancedDockingSystem\DockSplitter.cpp">
      <Filter>Source Files</Filter>
    </ClCompile>
    <ClCompile Include="..\src\AdvancedDockingSystem\DockWidget.cpp">
      <Filter>Source Files</Filter>
    </ClCompile>
    <ClCompile Include="..\src\AdvancedDockingSystem\DockWidgetTab.cpp">
      <Filter>Source Files</Filter>
    </ClCompile>
    <ClCompile Include="..\src\AdvancedDockingSystem\ElidingLabel.cpp">
      <Filter>Source Files</Filter>
    </ClCompile>
    <ClCompile Include="..\src\AdvancedDockingSystem\FloatingDockContainer.cpp">
      <Filter>Source Files</Filter>
    </ClCompile>
    <ClCompile Include="..\src\AdvancedDockingSystem\FloatingDragPreview.cpp">
      <Filter>Source Files</Filter>
    </ClCompile>
    <ClCompile Include="..\src\AdvancedDockingSystem\IconProvider.cpp">
      <Filter>Source Files</Filter>
    </ClCompile>
    <ClCompile Include="GeneratedFiles\Debug\moc_AutoHideDockWidget.cpp">
      <Filter>Generated Files</Filter>
    </ClCompile>
    <ClCompile Include="GeneratedFiles\Release\moc_AutoHideDockWidget.cpp">
      <Filter>Generated Files</Filter>
    </ClCompile>
    <ClCompile Include="GeneratedFiles\Debug\moc_AutoHideDockWidgetTitle.cpp">
      <Filter>Generated Files</Filter>
    </ClCompile>
    <ClCompile Include="GeneratedFiles\Release\moc_AutoHideDockWidgetTitle.cpp">
      <Filter>Generated Files</Filter>
    </ClCompile>
    <ClCompile Include="GeneratedFiles\Debug\moc_DockWidgetTabBar.cpp">
      <Filter>Generated Files</Filter>
    </ClCompile>
    <ClCompile Include="GeneratedFiles\Release\moc_DockWidgetTabBar.cpp">
      <Filter>Generated Files</Filter>
    </ClCompile>
    <ClCompile Include="GeneratedFiles\Debug\moc_DockWidgetTabButton.cpp">
      <Filter>Generated Files</Filter>
    </ClCompile>
    <ClCompile Include="GeneratedFiles\Release\moc_DockWidgetTabButton.cpp">
      <Filter>Generated Files</Filter>
    </ClCompile>
    <ClCompile Include="GeneratedFiles\Debug\moc_MainWindowWithAutoHideDocks.cpp">
      <Filter>Generated Files</Filter>
    </ClCompile>
    <ClCompile Include="GeneratedFiles\Release\moc_MainWindowWithAutoHideDocks.cpp">
      <Filter>Generated Files</Filter>
    </ClCompile>
    <ClCompile Include="..\src\AutoHideDockWidget\AutoHideDockWidget.cpp">
      <Filter>Source Files</Filter>
    </ClCompile>
    <ClCompile Include="..\src\AutoHideDockWidget\AutoHideDockWidgetTitle.cpp">
      <Filter>Source Files</Filter>
    </ClCompile>
    <ClCompile Include="..\src\AutoHideDockWidget\DockWidgetTabBar.cpp">
      <Filter>Source Files</Filter>
    </ClCompile>
    <ClCompile Include="..\src\AutoHideDockWidget\DockWidgetTabButton.cpp">
      <Filter>Source Files</Filter>
    </ClCompile>
    <ClCompile Include="..\src\AutoHideDockWidget\MainWindowWithAutoHideDocks.cpp">
      <Filter>Source Files</Filter>
    </ClCompile>
    <ClCompile Include="GeneratedFiles\qrc_res_libQtADS.cpp">
      <Filter>Generated Files</Filter>
    </ClCompile>
  </ItemGroup>
  <ItemGroup>
    <ResourceCompile Include="lib_QtAdvancedDocking.rc" />
  </ItemGroup>
  <ItemGroup>
    <None Include="..\Resources\lang\QtADS_ru.qm">
      <Filter>Resource Files</Filter>
    </None>
    <None Include="..\Resources\images\ads\close_new_window_default.svg">
      <Filter>Resource Files</Filter>
    </None>
    <None Include="..\Resources\images\ads\close_new_window_hover.svg">
      <Filter>Resource Files</Filter>
    </None>
    <None Include="..\Resources\images\ads\close_new_window_pressed.svg">
      <Filter>Resource Files</Filter>
    </None>
    <None Include="..\Resources\images\ads\close_х_pane_hover.svg">
      <Filter>Resource Files</Filter>
    </None>
    <None Include="..\Resources\images\ads\close_х_panel_default.svg">
      <Filter>Resource Files</Filter>
    </None>
    <None Include="..\Resources\images\ads\close_х_panel_pressed.svg">
      <Filter>Resource Files</Filter>
    </None>
    <None Include="..\Resources\images\ads\new window_default.svg">
      <Filter>Resource Files</Filter>
    </None>
    <None Include="..\Resources\images\ads\new window_hover.svg">
      <Filter>Resource Files</Filter>
    </None>
    <None Include="..\Resources\images\ads\new window_pressed.svg">
      <Filter>Resource Files</Filter>
    </None>
    <None Include="..\Resources\images\ads\return_default.svg">
      <Filter>Resource Files</Filter>
    </None>
    <None Include="..\Resources\images\ads\return_hover.svg">
      <Filter>Resource Files</Filter>
    </None>
    <None Include="..\Resources\images\ads\return_pressed.svg">
      <Filter>Resource Files</Filter>
    </None>
    <None Include="..\Resources\images\ads\select_default.svg">
      <Filter>Resource Files</Filter>
    </None>
    <None Include="..\Resources\images\ads\select_hover.svg">
      <Filter>Resource Files</Filter>
    </None>
    <None Include="..\Resources\images\ads\select_pressed.svg">
      <Filter>Resource Files</Filter>
    </None>
    <None Include="..\Resources\images\ads\unpin_default.svg">
      <Filter>Resource Files</Filter>
    </None>
    <None Include="..\Resources\images\ads\unpin_hover.svg">
      <Filter>Resource Files</Filter>
    </None>
    <None Include="..\Resources\images\ads\unpin_pressed.svg">
      <Filter>Resource Files</Filter>
    </None>
    <None Include="..\Resources\lang\QtADS_ru.ts">
      <Filter>Translation files</Filter>
    </None>
  </ItemGroup>
</Project>